# @generated by Move, please check-in and do not edit manually.

[move]
version = 3
manifest_digest = "885C5B9980DDA1B39C2C78BBC0C9BD8A430B9B8446830C908922186E3108DE4D"
deps_digest = "F8BBB0CCB2491CA29A3DF03D6F92277A4F3574266507ACD77214D37ECA3F3082"
dependencies = [
  { id = "Iota", name = "Iota" },
]

[[move.package]]
id = "Iota"
source = { git = "https://github.com/iotaledger/iota.git", rev = "develop", subdir = "crates/iota-framework/packages/iota-framework" }

dependencies = [
  { id = "MoveStdlib", name = "MoveStdlib" },
]

[[move.package]]
id = "MoveStdlib"
source = { git = "https://github.com/iotaledger/iota.git", rev = "develop", subdir = "crates/iota-framework/packages/move-stdlib" }

[move.toolchain-version]
compiler-version = "1.11.0-alpha"
edition = "2024"
flavor = "iota"

[env]

[env.localnet]
chain-id = "33cb0a58"
original-published-id = "0xbf640c97f7c9dec0cbe67dd99a2aa69f557f33e63ffb1952e84ff884d9aae482"
latest-published-id = "0xbf640c97f7c9dec0cbe67dd99a2aa69f557f33e63ffb1952e84ff884d9aae482"
published-version = "1"
